
Microsoft Visual Studio Solution File, Format Version 12.00
# Visual Studio Version 16
VisualStudioVersion = 16.0.29709.97
MinimumVisualStudioVersion = 10.0.40219.1
Project("{FAE04EC0-301F-11D3-BF4B-00C04F79EFBC}") = "IAPEJ", "IAPEJ\IAPEJ.csproj", "{591746DF-4DEB-46D0-B88D-0326F5ABFA2A}"
EndProject
Global
	GlobalSection(SolutionConfigurationPlatforms) = preSolution
		Debug|Any CPU = Debug|Any CPU
		Release|Any CPU = Release|Any CPU
	EndGlobalSection
	GlobalSection(ProjectConfigurationPlatforms) = postSolution
		{591746DF-4DEB-46D0-B88D-0326F5ABFA2A}.Debug|Any CPU.ActiveCfg = Debug|Any CPU
		{591746DF-4DEB-46D0-B88D-0326F5ABFA2A}.Debug|Any CPU.Build.0 = Debug|Any CPU
		{591746DF-4DEB-46D0-B88D-0326F5ABFA2A}.Release|Any CPU.ActiveCfg = Release|Any CPU
		{591746DF-4DEB-46D0-B88D-0326F5ABFA2A}.Release|Any CPU.Build.0 = Release|Any CPU
	EndGlobalSection
	GlobalSection(SolutionProperties) = preSolution
		HideSolutionNode = FALSE
	EndGlobalSection
	GlobalSection(ExtensibilityGlobals) = postSolution
		SolutionGuid = {DB9613F2-CFA6-4749-89B2-45284BC181F6}
	EndGlobalSection
EndGlobal
